
Microsoft Visual Studio Solution File, Format Version 12.00
# Visual Studio Version 17
VisualStudioVersion = 17.7.34009.444
MinimumVisualStudioVersion = 10.0.40219.1
Project("{9A19103F-16F7-4668-BE54-9A1E7A4F7556}") = "DivingCalculator", "DivingCalculator\DivingCalculator.csproj", "{E02B670B-B3AF-4330-B2C2-877E24BE1337}"
EndProject
Project("{00D1A9C2-B5F0-4AF3-8072-F6C62B433612}") = "DivingCalculator.DB", "DivingCalculator.DB\DivingCalculator.DB.sqlproj", "{7DCEDAD0-AC32-4C80-B97E-E0553306FB36}"
EndProject
Global
	GlobalSection(SolutionConfigurationPlatforms) = preSolution
		Debug|Any CPU = Debug|Any CPU
		Release|Any CPU = Release|Any CPU
	EndGlobalSection
	GlobalSection(ProjectConfigurationPlatforms) = postSolution
		{E02B670B-B3AF-4330-B2C2-877E24BE1337}.Debug|Any CPU.ActiveCfg = Debug|Any CPU
		{E02B670B-B3AF-4330-B2C2-877E24BE1337}.Debug|Any CPU.Build.0 = Debug|Any CPU
		{E02B670B-B3AF-4330-B2C2-877E24BE1337}.Release|Any CPU.ActiveCfg = Release|Any CPU
		{E02B670B-B3AF-4330-B2C2-877E24BE1337}.Release|Any CPU.Build.0 = Release|Any CPU
		{7DCEDAD0-AC32-4C80-B97E-E0553306FB36}.Debug|Any CPU.ActiveCfg = Debug|Any CPU
		{7DCEDAD0-AC32-4C80-B97E-E0553306FB36}.Debug|Any CPU.Build.0 = Debug|Any CPU
		{7DCEDAD0-AC32-4C80-B97E-E0553306FB36}.Debug|Any CPU.Deploy.0 = Debug|Any CPU
		{7DCEDAD0-AC32-4C80-B97E-E0553306FB36}.Release|Any CPU.ActiveCfg = Release|Any CPU
		{7DCEDAD0-AC32-4C80-B97E-E0553306FB36}.Release|Any CPU.Build.0 = Release|Any CPU
		{7DCEDAD0-AC32-4C80-B97E-E0553306FB36}.Release|Any CPU.Deploy.0 = Release|Any CPU
	EndGlobalSection
	GlobalSection(SolutionProperties) = preSolution
		HideSolutionNode = FALSE
	EndGlobalSection
	GlobalSection(ExtensibilityGlobals) = postSolution
		SolutionGuid = {F88840CB-CE10-4F39-88D2-607F03B62BCD}
	EndGlobalSection
EndGlobal
